{
  "nodes": {
    "call-flake": {
      "locked": {
        "lastModified": 1686054585,
        "narHash": "sha256-iCHakk/tMPlsvDziVmeDjLbdtcAzLstBxssg5VmfEao=",
        "owner": "divnix",
        "repo": "call-flake",
        "rev": "0ef1f61245918f1a47ad8026023dbfc520c96a60",
        "type": "github"
      },
      "original": {
        "owner": "divnix",
        "repo": "call-flake",
        "type": "github"
      }
    },
    "devshell": {
      "inputs": {
        "nixpkgs": "nixpkgs",
        "systems": "systems"
      },
      "locked": {
        "lastModified": 1685972731,
        "narHash": "sha256-VpwVUthxs3AFgvWxGTHu+KVDnS/zT3xkCtmjX2PjNQs=",
        "owner": "numtide",
        "repo": "devshell",
        "rev": "6b2554d28d46bfa6e24b941e999a145760dad0e1",
        "type": "github"
      },
      "original": {
        "owner": "numtide",
        "repo": "devshell",
        "type": "github"
      }
    },
    "nixpkgs": {
      "locked": {
        "lastModified": 1677383253,
        "narHash": "sha256-UfpzWfSxkfXHnb4boXZNaKsAcUrZT9Hw+tao1oZxd08=",
        "owner": "NixOS",
        "repo": "nixpkgs",
        "rev": "9952d6bc395f5841262b006fbace8dd7e143b634",
        "type": "github"
      },
      "original": {
        "owner": "NixOS",
        "ref": "nixpkgs-unstable",
        "repo": "nixpkgs",
        "type": "github"
      }
    },
    "nixpkgs_2": {
      "locked": {
        "lastModified": 1685938391,
        "narHash": "sha256-96Jw6TbWDLSopt5jqCW8w1Fc1cjQyZlhfBnJ3OZGpME=",
        "owner": "nixos",
        "repo": "nixpkgs",
        "rev": "31cd1b4afbaf0b1e81272ee9c31d1ab606503aed",
        "type": "github"
      },
      "original": {
        "owner": "nixos",
        "ref": "nixpkgs-unstable",
        "repo": "nixpkgs",
        "type": "github"
      }
    },
    "nosys": {
      "locked": {
        "lastModified": 1685411599,
        "narHash": "sha256-+W6yxZXJwta1zIruKMmXwayLZvqLjRZ7L/VnQFNyRJw=",
        "owner": "divnix",
        "repo": "nosys",
        "rev": "6e168298ce2f9aa9fc6ef85ded56b07f41d90d18",
        "type": "github"
      },
      "original": {
        "owner": "divnix",
        "repo": "nosys",
        "type": "github"
      }
    },
    "root": {
      "inputs": {
        "call-flake": "call-flake",
        "devshell": "devshell",
        "nixpkgs": "nixpkgs_2",
        "nosys": "nosys"
      }
    },
    "systems": {
      "locked": {
        "lastModified": 1681028828,
        "narHash": "sha256-Vy1rq5AaRuLzOxct8nz4T6wlgyUR7zLU309k9mBC768=",
        "owner": "nix-systems",
        "repo": "default",
        "rev": "da67096a3b9bf56a91d16901293e51ba5b49a27e",
        "type": "github"
      },
      "original": {
        "owner": "nix-systems",
        "repo": "default",
        "type": "github"
      }
    }
  },
  "root": "root",
  "version": 7
}
