{
  "nodes": {
    "nixpkgs": {
      "locked": {
        "lastModified": 1657561094,
        "narHash": "sha256-iaj+xajcYArMm+o9W6whSUqGy2LZQ7BJIm1MIT5kbuM=",
        "owner": "nixos",
        "repo": "nixpkgs",
        "rev": "49546f4413ff5a7b4c46b9c56f0ef9cc8a106449",
        "type": "github"
      },
      "original": {
        "owner": "nixos",
        "ref": "nixpkgs-unstable",
        "repo": "nixpkgs",
        "type": "github"
      }
    },
    "root": {
      "inputs": {
        "nixpkgs": "nixpkgs"
      }
    }
  },
  "root": "root",
  "version": 7
}
